
Microsoft Visual Studio Solution File, Format Version 12.00
# Visual Studio Version 17
VisualStudioVersion = 17.3.32825.248
MinimumVisualStudioVersion = 10.0.40219.1
Project("{9A19103F-16F7-4668-BE54-9A1E7A4F7556}") = "Domain", "Domain\Domain.csproj", "{2E2A46A4-7AEE-4E63-B510-BBD3B82AC32F}"
EndProject
Project("{2150E333-8FDC-42A3-9474-1A3956D46DE8}") = "Plugins", "Plugins", "{18554CDA-FD18-4333-9042-499438AB90AC}"
EndProject
Project("{9A19103F-16F7-4668-BE54-9A1E7A4F7556}") = "Application", "Application\Application.csproj", "{E20B4292-923F-47D1-B8CE-3699F42CF887}"
EndProject
Project("{9A19103F-16F7-4668-BE54-9A1E7A4F7556}") = "Api", "Api\Api.csproj", "{09CEE66E-2047-478A-9F4B-C32E2E4F7385}"
EndProject
Project("{9A19103F-16F7-4668-BE54-9A1E7A4F7556}") = "EntityFramework", "EntityFrameworkRepository\EntityFramework.csproj", "{FF2254DF-673B-4D39-8D61-AD915BBF4E3C}"
EndProject
Project("{9A19103F-16F7-4668-BE54-9A1E7A4F7556}") = "UnitTests", "UnitTests\UnitTests.csproj", "{9FB76BCF-3442-4885-B6E1-192AA512E11B}"
EndProject
Project("{9A19103F-16F7-4668-BE54-9A1E7A4F7556}") = "Console", "Console\Console.csproj", "{59958779-4F2B-4251-A7AD-532ACC5077DB}"
EndProject
Project("{2150E333-8FDC-42A3-9474-1A3956D46DE8}") = "Interfaces", "Interfaces", "{74420C32-9C4E-425C-B5D5-594AA54D6E81}"
EndProject
Project("{FAE04EC0-301F-11D3-BF4B-00C04F79EFBC}") = "GrpcApi", "GrpcApi\GrpcApi.csproj", "{ACD5D0AD-C20C-24AD-BBE8-60B8895BE89A}"
EndProject
Project("{2150E333-8FDC-42A3-9474-1A3956D46DE8}") = "Client", "Client", "{02EA681E-C7D8-13C7-8484-4AC65E1B71E8}"
EndProject
Project("{FAE04EC0-301F-11D3-BF4B-00C04F79EFBC}") = "GrpcClient", "GrpcClient\GrpcClient.csproj", "{D15F8ADD-B82C-E458-0A5E-AABCD2B2F29A}"
EndProject
Global
	GlobalSection(SolutionConfigurationPlatforms) = preSolution
		Debug|Any CPU = Debug|Any CPU
		Debug|x64 = Debug|x64
		Debug|x86 = Debug|x86
		Release|Any CPU = Release|Any CPU
		Release|x64 = Release|x64
		Release|x86 = Release|x86
	EndGlobalSection
	GlobalSection(ProjectConfigurationPlatforms) = postSolution
		{2E2A46A4-7AEE-4E63-B510-BBD3B82AC32F}.Debug|Any CPU.ActiveCfg = Debug|Any CPU
		{2E2A46A4-7AEE-4E63-B510-BBD3B82AC32F}.Debug|Any CPU.Build.0 = Debug|Any CPU
		{2E2A46A4-7AEE-4E63-B510-BBD3B82AC32F}.Debug|x64.ActiveCfg = Debug|Any CPU
		{2E2A46A4-7AEE-4E63-B510-BBD3B82AC32F}.Debug|x64.Build.0 = Debug|Any CPU
		{2E2A46A4-7AEE-4E63-B510-BBD3B82AC32F}.Debug|x86.ActiveCfg = Debug|Any CPU
		{2E2A46A4-7AEE-4E63-B510-BBD3B82AC32F}.Debug|x86.Build.0 = Debug|Any CPU
		{2E2A46A4-7AEE-4E63-B510-BBD3B82AC32F}.Release|Any CPU.ActiveCfg = Release|Any CPU
		{2E2A46A4-7AEE-4E63-B510-BBD3B82AC32F}.Release|Any CPU.Build.0 = Release|Any CPU
		{2E2A46A4-7AEE-4E63-B510-BBD3B82AC32F}.Release|x64.ActiveCfg = Release|Any CPU
		{2E2A46A4-7AEE-4E63-B510-BBD3B82AC32F}.Release|x64.Build.0 = Release|Any CPU
		{2E2A46A4-7AEE-4E63-B510-BBD3B82AC32F}.Release|x86.ActiveCfg = Release|Any CPU
		{2E2A46A4-7AEE-4E63-B510-BBD3B82AC32F}.Release|x86.Build.0 = Release|Any CPU
		{E20B4292-923F-47D1-B8CE-3699F42CF887}.Debug|Any CPU.ActiveCfg = Debug|Any CPU
		{E20B4292-923F-47D1-B8CE-3699F42CF887}.Debug|Any CPU.Build.0 = Debug|Any CPU
		{E20B4292-923F-47D1-B8CE-3699F42CF887}.Debug|x64.ActiveCfg = Debug|Any CPU
		{E20B4292-923F-47D1-B8CE-3699F42CF887}.Debug|x64.Build.0 = Debug|Any CPU
		{E20B4292-923F-47D1-B8CE-3699F42CF887}.Debug|x86.ActiveCfg = Debug|Any CPU
		{E20B4292-923F-47D1-B8CE-3699F42CF887}.Debug|x86.Build.0 = Debug|Any CPU
		{E20B4292-923F-47D1-B8CE-3699F42CF887}.Release|Any CPU.ActiveCfg = Release|Any CPU
		{E20B4292-923F-47D1-B8CE-3699F42CF887}.Release|Any CPU.Build.0 = Release|Any CPU
		{E20B4292-923F-47D1-B8CE-3699F42CF887}.Release|x64.ActiveCfg = Release|Any CPU
		{E20B4292-923F-47D1-B8CE-3699F42CF887}.Release|x64.Build.0 = Release|Any CPU
		{E20B4292-923F-47D1-B8CE-3699F42CF887}.Release|x86.ActiveCfg = Release|Any CPU
		{E20B4292-923F-47D1-B8CE-3699F42CF887}.Release|x86.Build.0 = Release|Any CPU
		{09CEE66E-2047-478A-9F4B-C32E2E4F7385}.Debug|Any CPU.ActiveCfg = Debug|Any CPU
		{09CEE66E-2047-478A-9F4B-C32E2E4F7385}.Debug|Any CPU.Build.0 = Debug|Any CPU
		{09CEE66E-2047-478A-9F4B-C32E2E4F7385}.Debug|x64.ActiveCfg = Debug|Any CPU
		{09CEE66E-2047-478A-9F4B-C32E2E4F7385}.Debug|x64.Build.0 = Debug|Any CPU
		{09CEE66E-2047-478A-9F4B-C32E2E4F7385}.Debug|x86.ActiveCfg = Debug|Any CPU
		{09CEE66E-2047-478A-9F4B-C32E2E4F7385}.Debug|x86.Build.0 = Debug|Any CPU
		{09CEE66E-2047-478A-9F4B-C32E2E4F7385}.Release|Any CPU.ActiveCfg = Release|Any CPU
		{09CEE66E-2047-478A-9F4B-C32E2E4F7385}.Release|Any CPU.Build.0 = Release|Any CPU
		{09CEE66E-2047-478A-9F4B-C32E2E4F7385}.Release|x64.ActiveCfg = Release|Any CPU
		{09CEE66E-2047-478A-9F4B-C32E2E4F7385}.Release|x64.Build.0 = Release|Any CPU
		{09CEE66E-2047-478A-9F4B-C32E2E4F7385}.Release|x86.ActiveCfg = Release|Any CPU
		{09CEE66E-2047-478A-9F4B-C32E2E4F7385}.Release|x86.Build.0 = Release|Any CPU
		{FF2254DF-673B-4D39-8D61-AD915BBF4E3C}.Debug|Any CPU.ActiveCfg = Debug|Any CPU
		{FF2254DF-673B-4D39-8D61-AD915BBF4E3C}.Debug|Any CPU.Build.0 = Debug|Any CPU
		{FF2254DF-673B-4D39-8D61-AD915BBF4E3C}.Debug|x64.ActiveCfg = Debug|Any CPU
		{FF2254DF-673B-4D39-8D61-AD915BBF4E3C}.Debug|x64.Build.0 = Debug|Any CPU
		{FF2254DF-673B-4D39-8D61-AD915BBF4E3C}.Debug|x86.ActiveCfg = Debug|Any CPU
		{FF2254DF-673B-4D39-8D61-AD915BBF4E3C}.Debug|x86.Build.0 = Debug|Any CPU
		{FF2254DF-673B-4D39-8D61-AD915BBF4E3C}.Release|Any CPU.ActiveCfg = Release|Any CPU
		{FF2254DF-673B-4D39-8D61-AD915BBF4E3C}.Release|Any CPU.Build.0 = Release|Any CPU
		{FF2254DF-673B-4D39-8D61-AD915BBF4E3C}.Release|x64.ActiveCfg = Release|Any CPU
		{FF2254DF-673B-4D39-8D61-AD915BBF4E3C}.Release|x64.Build.0 = Release|Any CPU
		{FF2254DF-673B-4D39-8D61-AD915BBF4E3C}.Release|x86.ActiveCfg = Release|Any CPU
		{FF2254DF-673B-4D39-8D61-AD915BBF4E3C}.Release|x86.Build.0 = Release|Any CPU
		{9FB76BCF-3442-4885-B6E1-192AA512E11B}.Debug|Any CPU.ActiveCfg = Debug|Any CPU
		{9FB76BCF-3442-4885-B6E1-192AA512E11B}.Debug|Any CPU.Build.0 = Debug|Any CPU
		{9FB76BCF-3442-4885-B6E1-192AA512E11B}.Debug|x64.ActiveCfg = Debug|Any CPU
		{9FB76BCF-3442-4885-B6E1-192AA512E11B}.Debug|x64.Build.0 = Debug|Any CPU
		{9FB76BCF-3442-4885-B6E1-192AA512E11B}.Debug|x86.ActiveCfg = Debug|Any CPU
		{9FB76BCF-3442-4885-B6E1-192AA512E11B}.Debug|x86.Build.0 = Debug|Any CPU
		{9FB76BCF-3442-4885-B6E1-192AA512E11B}.Release|Any CPU.ActiveCfg = Release|Any CPU
		{9FB76BCF-3442-4885-B6E1-192AA512E11B}.Release|Any CPU.Build.0 = Release|Any CPU
		{9FB76BCF-3442-4885-B6E1-192AA512E11B}.Release|x64.ActiveCfg = Release|Any CPU
		{9FB76BCF-3442-4885-B6E1-192AA512E11B}.Release|x64.Build.0 = Release|Any CPU
		{9FB76BCF-3442-4885-B6E1-192AA512E11B}.Release|x86.ActiveCfg = Release|Any CPU
		{9FB76BCF-3442-4885-B6E1-192AA512E11B}.Release|x86.Build.0 = Release|Any CPU
		{59958779-4F2B-4251-A7AD-532ACC5077DB}.Debug|Any CPU.ActiveCfg = Debug|Any CPU
		{59958779-4F2B-4251-A7AD-532ACC5077DB}.Debug|Any CPU.Build.0 = Debug|Any CPU
		{59958779-4F2B-4251-A7AD-532ACC5077DB}.Debug|x64.ActiveCfg = Debug|Any CPU
		{59958779-4F2B-4251-A7AD-532ACC5077DB}.Debug|x64.Build.0 = Debug|Any CPU
		{59958779-4F2B-4251-A7AD-532ACC5077DB}.Debug|x86.ActiveCfg = Debug|Any CPU
		{59958779-4F2B-4251-A7AD-532ACC5077DB}.Debug|x86.Build.0 = Debug|Any CPU
		{59958779-4F2B-4251-A7AD-532ACC5077DB}.Release|Any CPU.ActiveCfg = Release|Any CPU
		{59958779-4F2B-4251-A7AD-532ACC5077DB}.Release|Any CPU.Build.0 = Release|Any CPU
		{59958779-4F2B-4251-A7AD-532ACC5077DB}.Release|x64.ActiveCfg = Release|Any CPU
		{59958779-4F2B-4251-A7AD-532ACC5077DB}.Release|x64.Build.0 = Release|Any CPU
		{59958779-4F2B-4251-A7AD-532ACC5077DB}.Release|x86.ActiveCfg = Release|Any CPU
		{59958779-4F2B-4251-A7AD-532ACC5077DB}.Release|x86.Build.0 = Release|Any CPU
		{ACD5D0AD-C20C-24AD-BBE8-60B8895BE89A}.Debug|Any CPU.ActiveCfg = Debug|Any CPU
		{ACD5D0AD-C20C-24AD-BBE8-60B8895BE89A}.Debug|Any CPU.Build.0 = Debug|Any CPU
		{ACD5D0AD-C20C-24AD-BBE8-60B8895BE89A}.Debug|x64.ActiveCfg = Debug|Any CPU
		{ACD5D0AD-C20C-24AD-BBE8-60B8895BE89A}.Debug|x64.Build.0 = Debug|Any CPU
		{ACD5D0AD-C20C-24AD-BBE8-60B8895BE89A}.Debug|x86.ActiveCfg = Debug|Any CPU
		{ACD5D0AD-C20C-24AD-BBE8-60B8895BE89A}.Debug|x86.Build.0 = Debug|Any CPU
		{ACD5D0AD-C20C-24AD-BBE8-60B8895BE89A}.Release|Any CPU.ActiveCfg = Release|Any CPU
		{ACD5D0AD-C20C-24AD-BBE8-60B8895BE89A}.Release|Any CPU.Build.0 = Release|Any CPU
		{ACD5D0AD-C20C-24AD-BBE8-60B8895BE89A}.Release|x64.ActiveCfg = Release|Any CPU
		{ACD5D0AD-C20C-24AD-BBE8-60B8895BE89A}.Release|x64.Build.0 = Release|Any CPU
		{ACD5D0AD-C20C-24AD-BBE8-60B8895BE89A}.Release|x86.ActiveCfg = Release|Any CPU
		{ACD5D0AD-C20C-24AD-BBE8-60B8895BE89A}.Release|x86.Build.0 = Release|Any CPU
		{D15F8ADD-B82C-E458-0A5E-AABCD2B2F29A}.Debug|Any CPU.ActiveCfg = Debug|Any CPU
		{D15F8ADD-B82C-E458-0A5E-AABCD2B2F29A}.Debug|Any CPU.Build.0 = Debug|Any CPU
		{D15F8ADD-B82C-E458-0A5E-AABCD2B2F29A}.Debug|x64.ActiveCfg = Debug|Any CPU
		{D15F8ADD-B82C-E458-0A5E-AABCD2B2F29A}.Debug|x64.Build.0 = Debug|Any CPU
		{D15F8ADD-B82C-E458-0A5E-AABCD2B2F29A}.Debug|x86.ActiveCfg = Debug|Any CPU
		{D15F8ADD-B82C-E458-0A5E-AABCD2B2F29A}.Debug|x86.Build.0 = Debug|Any CPU
		{D15F8ADD-B82C-E458-0A5E-AABCD2B2F29A}.Release|Any CPU.ActiveCfg = Release|Any CPU
		{D15F8ADD-B82C-E458-0A5E-AABCD2B2F29A}.Release|Any CPU.Build.0 = Release|Any CPU
		{D15F8ADD-B82C-E458-0A5E-AABCD2B2F29A}.Release|x64.ActiveCfg = Release|Any CPU
		{D15F8ADD-B82C-E458-0A5E-AABCD2B2F29A}.Release|x64.Build.0 = Release|Any CPU
		{D15F8ADD-B82C-E458-0A5E-AABCD2B2F29A}.Release|x86.ActiveCfg = Release|Any CPU
		{D15F8ADD-B82C-E458-0A5E-AABCD2B2F29A}.Release|x86.Build.0 = Release|Any CPU
	EndGlobalSection
	GlobalSection(SolutionProperties) = preSolution
		HideSolutionNode = FALSE
	EndGlobalSection
	GlobalSection(NestedProjects) = preSolution
		{09CEE66E-2047-478A-9F4B-C32E2E4F7385} = {74420C32-9C4E-425C-B5D5-594AA54D6E81}
		{FF2254DF-673B-4D39-8D61-AD915BBF4E3C} = {18554CDA-FD18-4333-9042-499438AB90AC}
		{59958779-4F2B-4251-A7AD-532ACC5077DB} = {74420C32-9C4E-425C-B5D5-594AA54D6E81}
		{ACD5D0AD-C20C-24AD-BBE8-60B8895BE89A} = {74420C32-9C4E-425C-B5D5-594AA54D6E81}
		{D15F8ADD-B82C-E458-0A5E-AABCD2B2F29A} = {02EA681E-C7D8-13C7-8484-4AC65E1B71E8}
	EndGlobalSection
	GlobalSection(ExtensibilityGlobals) = postSolution
		SolutionGuid = {DAEEC5EA-BDEC-4A56-98DD-69C7ECFB3AD0}
	EndGlobalSection
EndGlobal
